
Microsoft Visual Studio Solution File, Format Version 12.00
# Visual Studio Version 17
VisualStudioVersion = 17.5.33516.290
MinimumVisualStudioVersion = 10.0.40219.1
Project("{FAE04EC0-301F-11D3-BF4B-00C04F79EFBC}") = "DriveBuddyWpfApp", "DriveBuddyWpfApp.csproj", "{DF5EBF54-F506-48B4-AB9C-B7C0D9BD29FF}"
EndProject
Global
	GlobalSection(SolutionConfigurationPlatforms) = preSolution
		Debug|Any CPU = Debug|Any CPU
		Release|Any CPU = Release|Any CPU
	EndGlobalSection
	GlobalSection(ProjectConfigurationPlatforms) = postSolution
		{DF5EBF54-F506-48B4-AB9C-B7C0D9BD29FF}.Debug|Any CPU.ActiveCfg = Debug|Any CPU
		{DF5EBF54-F506-48B4-AB9C-B7C0D9BD29FF}.Debug|Any CPU.Build.0 = Debug|Any CPU
		{DF5EBF54-F506-48B4-AB9C-B7C0D9BD29FF}.Release|Any CPU.ActiveCfg = Release|Any CPU
		{DF5EBF54-F506-48B4-AB9C-B7C0D9BD29FF}.Release|Any CPU.Build.0 = Release|Any CPU
	EndGlobalSection
	GlobalSection(SolutionProperties) = preSolution
		HideSolutionNode = FALSE
	EndGlobalSection
	GlobalSection(ExtensibilityGlobals) = postSolution
		SolutionGuid = {D07FA108-0D18-4597-A9AD-9549CF1CBB53}
	EndGlobalSection
EndGlobal
